
Microsoft Visual Studio Solution File, Format Version 12.00
# Visual Studio Version 17
VisualStudioVersion = 17.7.34202.233
MinimumVisualStudioVersion = 10.0.40219.1
Project("{9A19103F-16F7-4668-BE54-9A1E7A4F7556}") = "CICD WebApp", "CICD WebApp\CICD WebApp.csproj", "{3BBECC15-D2A0-4F1C-AF2E-77EA5A1D4E1A}"
EndProject
Project("{9A19103F-16F7-4668-BE54-9A1E7A4F7556}") = "CICDTest", "CICDTest\CICDTest.csproj", "{945459B8-6370-44B6-BF9E-EECBCD9744CD}"
EndProject
Project("{9A19103F-16F7-4668-BE54-9A1E7A4F7556}") = "SqlInjection", "..\..\..\Downloads\ASP.NET-Core-SQL-Injection-Example-master\ASP.NET-Core-SQL-Injection-Example-master\SqlInjection\SqlInjection.csproj", "{CF34F777-74D6-46BB-B092-42B2379FC232}"
EndProject
Global
	GlobalSection(SolutionConfigurationPlatforms) = preSolution
		Debug|Any CPU = Debug|Any CPU
		Release|Any CPU = Release|Any CPU
	EndGlobalSection
	GlobalSection(ProjectConfigurationPlatforms) = postSolution
		{3BBECC15-D2A0-4F1C-AF2E-77EA5A1D4E1A}.Debug|Any CPU.ActiveCfg = Debug|Any CPU
		{3BBECC15-D2A0-4F1C-AF2E-77EA5A1D4E1A}.Debug|Any CPU.Build.0 = Debug|Any CPU
		{3BBECC15-D2A0-4F1C-AF2E-77EA5A1D4E1A}.Release|Any CPU.ActiveCfg = Release|Any CPU
		{3BBECC15-D2A0-4F1C-AF2E-77EA5A1D4E1A}.Release|Any CPU.Build.0 = Release|Any CPU
		{945459B8-6370-44B6-BF9E-EECBCD9744CD}.Debug|Any CPU.ActiveCfg = Debug|Any CPU
		{945459B8-6370-44B6-BF9E-EECBCD9744CD}.Debug|Any CPU.Build.0 = Debug|Any CPU
		{945459B8-6370-44B6-BF9E-EECBCD9744CD}.Release|Any CPU.ActiveCfg = Release|Any CPU
		{945459B8-6370-44B6-BF9E-EECBCD9744CD}.Release|Any CPU.Build.0 = Release|Any CPU
		{CF34F777-74D6-46BB-B092-42B2379FC232}.Debug|Any CPU.ActiveCfg = Debug|Any CPU
		{CF34F777-74D6-46BB-B092-42B2379FC232}.Debug|Any CPU.Build.0 = Debug|Any CPU
		{CF34F777-74D6-46BB-B092-42B2379FC232}.Release|Any CPU.ActiveCfg = Release|Any CPU
		{CF34F777-74D6-46BB-B092-42B2379FC232}.Release|Any CPU.Build.0 = Release|Any CPU
	EndGlobalSection
	GlobalSection(SolutionProperties) = preSolution
		HideSolutionNode = FALSE
	EndGlobalSection
	GlobalSection(ExtensibilityGlobals) = postSolution
		SolutionGuid = {06A5143D-F571-430E-8CC1-1E2B183B6795}
	EndGlobalSection
EndGlobal
